{
    "_readme": [
        "This file locks the dependencies of your project to a known state",
        "Read more about it at https://getcomposer.org/doc/01-basic-usage.md#installing-dependencies",
        "This file is @generated automatically"
    ],
    "content-hash": "dceaee9a6c33ff8988314b386ea77851",
    "packages": [
        {
            "name": "latte/latte",
            "version": "v2.6.1",
            "source": {
                "type": "git",
                "url": "https://github.com/nette/latte.git",
                "reference": "82321e0d039d7b7e3324b5a7cb8f046a69458da9"
            },
            "dist": {
                "type": "zip",
                "url": "https://api.github.com/repos/nette/latte/zipball/82321e0d039d7b7e3324b5a7cb8f046a69458da9",
                "reference": "82321e0d039d7b7e3324b5a7cb8f046a69458da9",
                "shasum": ""
            },
            "require": {
                "ext-json": "*",
                "ext-tokenizer": "*",
                "php": ">=7.1"
            },
            "conflict": {
                "nette/application": "<2.4.1"
            },
            "require-dev": {
                "nette/tester": "~2.0",
                "nette/utils": "^3.0",
                "phpstan/phpstan": "^0.12",
                "tracy/tracy": "^2.3"
            },
            "suggest": {
                "ext-fileinfo": "to use filter |datastream",
                "ext-mbstring": "to use filters like lower, upper, capitalize, ...",
                "nette/utils": "to use filter |webalize"
            },
            "type": "library",
            "extra": {
                "branch-alias": {
                    "dev-master": "2.6-dev"
                }
            },
            "autoload": {
                "classmap": [
                    "src/"
                ]
            },
            "notification-url": "https://packagist.org/downloads/",
            "license": [
                "BSD-3-Clause",
                "GPL-2.0-only",
                "GPL-3.0-only"
            ],
            "authors": [
                {
                    "name": "David Grudl",
                    "homepage": "https://davidgrudl.com"
                },
                {
                    "name": "Nette Community",
                    "homepage": "https://nette.org/contributors"
                }
            ],
            "description": "☕ Latte: the intuitive and fast template engine for those who want the most secure PHP sites. Introduces context-sensitive escaping.",
            "homepage": "https://latte.nette.org",
            "keywords": [
                "context-sensitive",
                "engine",
                "escaping",
                "html",
                "nette",
                "security",
                "template",
                "twig"
            ],
            "time": "2020-01-14T18:32:37+00:00"
        },
        {
            "name": "league/commonmark",
            "version": "1.3.1",
            "source": {
                "type": "git",
                "url": "https://github.com/thephpleague/commonmark.git",
                "reference": "8015f806173c6ee54de25a87c2d69736696e88db"
            },
            "dist": {
                "type": "zip",
                "url": "https://api.github.com/repos/thephpleague/commonmark/zipball/8015f806173c6ee54de25a87c2d69736696e88db",
                "reference": "8015f806173c6ee54de25a87c2d69736696e88db",
                "shasum": ""
            },
            "require": {
                "ext-mbstring": "*",
                "php": "^7.1"
            },
            "conflict": {
                "scrutinizer/ocular": "1.7.*"
            },
            "require-dev": {
                "cebe/markdown": "~1.0",
                "commonmark/commonmark.js": "0.29.1",
                "erusev/parsedown": "~1.0",
                "ext-json": "*",
                "github/gfm": "0.29.0",
                "michelf/php-markdown": "~1.4",
                "mikehaertl/php-shellcommand": "^1.4",
                "phpstan/phpstan-shim": "^0.11.5",
                "phpunit/phpunit": "^7.5",
                "scrutinizer/ocular": "^1.5",
                "symfony/finder": "^4.2"
            },
            "bin": [
                "bin/commonmark"
            ],
            "type": "library",
            "extra": {
                "branch-alias": {
                    "dev-master": "1.4-dev"
                }
            },
            "autoload": {
                "psr-4": {
                    "League\\CommonMark\\": "src"
                }
            },
            "notification-url": "https://packagist.org/downloads/",
            "license": [
                "BSD-3-Clause"
            ],
            "authors": [
                {
                    "name": "Colin O'Dell",
                    "email": "colinodell@gmail.com",
                    "homepage": "https://www.colinodell.com",
                    "role": "Lead Developer"
                }
            ],
            "description": "Highly-extensible PHP Markdown parser which fully supports the CommonMark spec and Github-Flavored Markdown (GFM)",
            "homepage": "https://commonmark.thephpleague.com",
            "keywords": [
                "commonmark",
                "flavored",
                "gfm",
                "github",
                "github-flavored",
                "markdown",
                "md",
                "parser"
            ],
            "time": "2020-02-28T18:53:50+00:00"
        },
        {
            "name": "league/html-to-markdown",
            "version": "4.9.1",
            "source": {
                "type": "git",
                "url": "https://github.com/thephpleague/html-to-markdown.git",
                "reference": "1dcd0f85de786f46a7f224a27cc3d709ddd2a68c"
            },
            "dist": {
                "type": "zip",
                "url": "https://api.github.com/repos/thephpleague/html-to-markdown/zipball/1dcd0f85de786f46a7f224a27cc3d709ddd2a68c",
                "reference": "1dcd0f85de786f46a7f224a27cc3d709ddd2a68c",
                "shasum": ""
            },
            "require": {
                "ext-dom": "*",
                "ext-xml": "*",
                "php": ">=5.3.3"
            },
            "require-dev": {
                "mikehaertl/php-shellcommand": "~1.1.0",
                "phpunit/phpunit": "^4.8|^5.7",
                "scrutinizer/ocular": "~1.1"
            },
            "bin": [
                "bin/html-to-markdown"
            ],
            "type": "library",
            "extra": {
                "branch-alias": {
                    "dev-master": "4.10-dev"
                }
            },
            "autoload": {
                "psr-4": {
                    "League\\HTMLToMarkdown\\": "src/"
                }
            },
            "notification-url": "https://packagist.org/downloads/",
            "license": [
                "MIT"
            ],
            "authors": [
                {
                    "name": "Colin O'Dell",
                    "email": "colinodell@gmail.com",
                    "homepage": "https://www.colinodell.com",
                    "role": "Lead Developer"
                },
                {
                    "name": "Nick Cernis",
                    "email": "nick@cern.is",
                    "homepage": "http://modernnerd.net",
                    "role": "Original Author"
                }
            ],
            "description": "An HTML-to-markdown conversion helper for PHP",
            "homepage": "https://github.com/thephpleague/html-to-markdown",
            "keywords": [
                "html",
                "markdown"
            ],
            "time": "2019-12-28T01:32:28+00:00"
        },
        {
            "name": "tracy/tracy",
            "version": "v2.7.3",
            "source": {
                "type": "git",
                "url": "https://github.com/nette/tracy.git",
                "reference": "344c77293038173f49678d9a95c27da6cbdbccd0"
            },
            "dist": {
                "type": "zip",
                "url": "https://api.github.com/repos/nette/tracy/zipball/344c77293038173f49678d9a95c27da6cbdbccd0",
                "reference": "344c77293038173f49678d9a95c27da6cbdbccd0",
                "shasum": ""
            },
            "require": {
                "ext-json": "*",
                "ext-session": "*",
                "php": ">=7.1"
            },
            "conflict": {
                "nette/di": "<3.0"
            },
            "require-dev": {
                "latte/latte": "^2.5",
                "nette/di": "^3.0",
                "nette/mail": "^3.0",
                "nette/tester": "^2.2",
                "nette/utils": "^3.0",
                "phpstan/phpstan": "^0.12",
                "psr/log": "^1.0"
            },
            "suggest": {
                "https://nette.org/donate": "Please support Tracy via a donation"
            },
            "type": "library",
            "extra": {
                "branch-alias": {
                    "dev-master": "2.7-dev"
                }
            },
            "autoload": {
                "classmap": [
                    "src"
                ],
                "files": [
                    "src/Tracy/shortcuts.php"
                ]
            },
            "notification-url": "https://packagist.org/downloads/",
            "license": [
                "BSD-3-Clause"
            ],
            "authors": [
                {
                    "name": "David Grudl",
                    "homepage": "https://davidgrudl.com"
                },
                {
                    "name": "Nette Community",
                    "homepage": "https://nette.org/contributors"
                }
            ],
            "description": "😎 Tracy: the addictive tool to ease debugging PHP code for cool developers. Friendly design, logging, profiler, advanced features like debugging AJAX calls or CLI support. You will love it.",
            "homepage": "https://tracy.nette.org",
            "keywords": [
                "Xdebug",
                "debug",
                "debugger",
                "nette",
                "profiler"
            ],
            "time": "2020-02-23T18:40:15+00:00"
        }
    ],
    "packages-dev": [],
    "aliases": [],
    "minimum-stability": "stable",
    "stability-flags": [],
    "prefer-stable": false,
    "prefer-lowest": false,
    "platform": [],
    "platform-dev": []
}
